// !$*UTF8*$!
{
	archiveVersion = 1;
	classes = {
	};
	objectVersion = 48;
	objects = {

/* Begin PBXBuildFile section */
		BAC7DA92203DDCB2009D1D81 /* AppDelegate.swift in Sources */ = {isa = PBXBuildFile; fileRef = BAC7DA91203DDCB2009D1D81 /* AppDelegate.swift */; };
		BAC7DA94203DDCB2009D1D81 /* ViewController.swift in Sources */ = {isa = PBXBuildFile; fileRef = BAC7DA93203DDCB2009D1D81 /* ViewController.swift */; };
		BAC7DA97203DDCB2009D1D81 /* Main.storyboard in Resources */ = {isa = PBXBuildFile; fileRef = BAC7DA95203DDCB2009D1D81 /* Main.storyboard */; };
		BAC7DA99203DDCB2009D1D81 /* Assets.xcassets in Resources */ = {isa = PBXBuildFile; fileRef = BAC7DA98203DDCB2009D1D81 /* Assets.xcassets */; };
		BAC7DA9C203DDCB2009D1D81 /* LaunchScreen.storyboard in Resources */ = {isa = PBXBuildFile; fileRef = BAC7DA9A203DDCB2009D1D81 /* LaunchScreen.storyboard */; };
/* End PBXBuildFile section */

/* Begin PBXFileReference section */
		BAC7DA8E203DDCB2009D1D81 /* ProgrammaticConstraints.app */ = {isa = PBXFileReference; explicitFileType = wrapper.application; includeInIndex = 0; path = ProgrammaticConstraints.app; sourceTree = BUILT_PRODUCTS_DIR; };
		BAC7DA91203DDCB2009D1D81 /* AppDelegate.swift */ = {isa = PBXFileReference; lastKnownFileType = sourcecode.swift; path = AppDelegate.swift; sourceTree = "<group>"; };
		BAC7DA93203DDCB2009D1D81 /* ViewController.swift */ = {isa = PBXFileReference; lastKnownFileType = sourcecode.swift; path = ViewController.swift; sourceTree = "<group>"; };
		BAC7DA96203DDCB2009D1D81 /* Base */ = {isa = PBXFileReference; lastKnownFileType = file.storyboard; name = Base; path = Base.lproj/Main.storyboard; sourceTree = "<group>"; };
		BAC7DA98203DDCB2009D1D81 /* Assets.xcassets */ = {isa = PBXFileReference; lastKnownFileType = folder.assetcatalog; path = Assets.xcassets; sourceTree = "<group>"; };
		BAC7DA9B203DDCB2009D1D81 /* Base */ = {isa = PBXFileReference; lastKnownFileType = file.storyboard; name = Base; path = Base.lproj/LaunchScreen.storyboard; sourceTree = "<group>"; };
		BAC7DA9D203DDCB2009D1D81 /* Info.plist */ = {isa = PBXFileReference; lastKnownFileType = text.plist.xml; path = Info.plist; sourceTree = "<group>"; };
/* End PBXFileReference section */

/* Begin PBXFrameworksBuildPhase section */
		BAC7DA8B203DDCB2009D1D81 /* Frameworks */ = {
			isa = PBXFrameworksBuildPhase;
			buildActionMask = 2147483647;
			files = (
			);
			runOnlyForDeploymentPostprocessing = 0;
		};
/* End PBXFrameworksBuildPhase section */

/* Begin PBXGroup section */
		BAC7DA85203DDCB2009D1D81 = {
			isa = PBXGroup;
			children = (
				BAC7DA90203DDCB2009D1D81 /* ProgrammaticConstraints */,
				BAC7DA8F203DDCB2009D1D81 /* Products */,
			);
			sourceTree = "<group>";
		};
		BAC7DA8F203DDCB2009D1D81 /* Products */ = {
			isa = PBXGroup;
			children = (
				BAC7DA8E203DDCB2009D1D81 /* ProgrammaticConstraints.app */,
			);
			name = Products;
			sourceTree = "<group>";
		};
		BAC7DA90203DDCB2009D1D81 /* ProgrammaticConstraints */ = {
			isa = PBXGroup;
			children = (
				BAC7DA91203DDCB2009D1D81 /* AppDelegate.swift */,
				BAC7DA93203DDCB2009D1D81 /* ViewController.swift */,
				BAC7DA95203DDCB2009D1D81 /* Main.storyboard */,
				BAC7DA98203DDCB2009D1D81 /* Assets.xcassets */,
				BAC7DA9A203DDCB2009D1D81 /* LaunchScreen.storyboard */,
				BAC7DA9D203DDCB2009D1D81 /* Info.plist */,
			);
			path = ProgrammaticConstraints;
			sourceTree = "<group>";
		};
/* End PBXGroup section */

/* Begin PBXNativeTarget section */
		BAC7DA8D203DDCB2009D1D81 /* ProgrammaticConstraints */ = {
			isa = PBXNativeTarget;
			buildConfigurationList = BAC7DAA0203DDCB2009D1D81 /* Build configuration list for PBXNativeTarget "ProgrammaticConstraints" */;
			buildPhases = (
				BAC7DA8A203DDCB2009D1D81 /* Sources */,
				BAC7DA8B203DDCB2009D1D81 /* Frameworks */,
				BAC7DA8C203DDCB2009D1D81 /* Resources */,
			);
			buildRules = (
			);
			dependencies = (
			);
			name = ProgrammaticConstraints;
			productName = ProgrammaticConstraints;
			productReference = BAC7DA8E203DDCB2009D1D81 /* ProgrammaticConstraints.app */;
			productType = "com.apple.product-type.application";
		};
/* End PBXNativeTarget section */

/* Begin PBXProject section */
		BAC7DA86203DDCB2009D1D81 /* Project object */ = {
			isa = PBXProject;
			attributes = {
				LastSwiftUpdateCheck = 0920;
				LastUpgradeCheck = 0920;
				ORGANIZATIONNAME = "Turnt Labs";
				TargetAttributes = {
					BAC7DA8D203DDCB2009D1D81 = {
						CreatedOnToolsVersion = 9.2;
						ProvisioningStyle = Automatic;
					};
				};
			};
			buildConfigurationList = BAC7DA89203DDCB2009D1D81 /* Build configuration list for PBXProject "ProgrammaticConstraints" */;
			compatibilityVersion = "Xcode 8.0";
			developmentRegion = en;
			hasScannedForEncodings = 0;
			knownRegions = (
				en,
				Base,
			);
			mainGroup = BAC7DA85203DDCB2009D1D81;
			productRefGroup = BAC7DA8F203DDCB2009D1D81 /* Products */;
			projectDirPath = "";
			projectRoot = "";
			targets = (
				BAC7DA8D203DDCB2009D1D81 /* ProgrammaticConstraints */,
			);
		};
/* End PBXProject section */

/* Begin PBXResourcesBuildPhase section */
		BAC7DA8C203DDCB2009D1D81 /* Resources */ = {
			isa = PBXResourcesBuildPhase;
			buildActionMask = 2147483647;
			files = (
				BAC7DA9C203DDCB2009D1D81 /* LaunchScreen.storyboard in Resources */,
				BAC7DA99203DDCB2009D1D81 /* Assets.xcassets in Resources */,
				BAC7DA97203DDCB2009D1D81 /* Main.storyboard in Resources */,
			);
			runOnlyForDeploymentPostprocessing = 0;
		};
/* End PBXResourcesBuildPhase section */

/* Begin PBXSourcesBuildPhase section */
		BAC7DA8A203DDCB2009D1D81 /* Sources */ = {
			isa = PBXSourcesBuildPhase;
			buildActionMask = 2147483647;
			files = (
				BAC7DA94203DDCB2009D1D81 /* ViewController.swift in Sources */,
				BAC7DA92203DDCB2009D1D81 /* AppDelegate.swift in Sources */,
			);
			runOnlyForDeploymentPostprocessing = 0;
		};
/* End PBXSourcesBuildPhase section */

/* Begin PBXVariantGroup section */
		BAC7DA95203DDCB2009D1D81 /* Main.storyboard */ = {
			isa = PBXVariantGroup;
			children = (
				BAC7DA96203DDCB2009D1D81 /* Base */,
			);
			name = Main.storyboard;
			sourceTree = "<group>";
		};
		BAC7DA9A203DDCB2009D1D81 /* LaunchScreen.storyboard */ = {
			isa = PBXVariantGroup;
			children = (
				BAC7DA9B203DDCB2009D1D81 /* Base */,
			);
			name = LaunchScreen.storyboard;
			sourceTree = "<group>";
		};
/* End PBXVariantGroup section */

/* Begin XCBuildConfiguration section */
		BAC7DA9E203DDCB2009D1D81 /* Debug */ = {
			isa = XCBuildConfiguration;
			buildSettings = {
				ALWAYS_SEARCH_USER_PATHS = NO;
				CLANG_ANALYZER_NONNULL = YES;
				CLANG_ANALYZER_NUMBER_OBJECT_CONVERSION = YES_AGGRESSIVE;
				CLANG_CXX_LANGUAGE_STANDARD = "gnu++14";
				CLANG_CXX_LIBRARY = "libc++";
				CLANG_ENABLE_MODULES = YES;
				CLANG_ENABLE_OBJC_ARC = YES;
				CLANG_WARN_BLOCK_CAPTURE_AUTORELEASING = YES;
				CLANG_WARN_BOOL_CONVERSION = YES;
				CLANG_WARN_COMMA = YES;
				CLANG_WARN_CONSTANT_CONVERSION = YES;
				CLANG_WARN_DIRECT_OBJC_ISA_USAGE = YES_ERROR;
				CLANG_WARN_DOCUMENTATION_COMMENTS = YES;
				CLANG_WARN_EMPTY_BODY = YES;
				CLANG_WARN_ENUM_CONVERSION = YES;
				CLANG_WARN_INFINITE_RECURSION = YES;
				CLANG_WARN_INT_CONVERSION = YES;
				CLANG_WARN_NON_LITERAL_NULL_CONVERSION = YES;
				CLANG_WARN_OBJC_LITERAL_CONVERSION = YES;
				CLANG_WARN_OBJC_ROOT_CLASS = YES_ERROR;
				CLANG_WARN_RANGE_LOOP_ANALYSIS = YES;
				CLANG_WARN_STRICT_PROTOTYPES = YES;
				CLANG_WARN_SUSPICIOUS_MOVE = YES;
				CLANG_WARN_UNGUARDED_AVAILABILITY = YES_AGGRESSIVE;
				CLANG_WARN_UNREACHABLE_CODE = YES;
				CLANG_WARN__DUPLICATE_METHOD_MATCH = YES;
				CODE_SIGN_IDENTITY = "iPhone Developer";
				COPY_PHASE_STRIP = NO;
				DEBUG_INFORMATION_FORMAT = dwarf;
				ENABLE_STRICT_OBJC_MSGSEND = YES;
				ENABLE_TESTABILITY = YES;
				GCC_C_LANGUAGE_STANDARD = gnu11;
				GCC_DYNAMIC_NO_PIC = NO;
				GCC_NO_COMMON_BLOCKS = YES;
				GCC_OPTIMIZATION_LEVEL = 0;
				GCC_PREPROCESSOR_DEFINITIONS = (
					"DEBUG=1",
					"$(inherited)",
				);
				GCC_WARN_64_TO_32_BIT_CONVERSION = YES;
				GCC_WARN_ABOUT_RETURN_TYPE = YES_ERROR;
				GCC_WARN_UNDECLARED_SELECTOR = YES;
				GCC_WARN_UNINITIALIZED_AUTOS = YES_AGGRESSIVE;
				GCC_WARN_UNUSED_FUNCTION = YES;
				GCC_WARN_UNUSED_VARIABLE = YES;
				IPHONEOS_DEPLOYMENT_TARGET = 11.2;
				MTL_ENABLE_DEBUG_INFO = YES;
				ONLY_ACTIVE_ARCH = YES;
				SDKROOT = iphoneos;
				SWIFT_ACTIVE_COMPILATION_CONDITIONS = DEBUG;
				SWIFT_OPTIMIZATION_LEVEL = "-Onone";
			};
			name = Debug;
		};
		BAC7DA9F203DDCB2009D1D81 /* Release */ = {
			isa = XCBuildConfiguration;
			buildSettings = {
				ALWAYS_SEARCH_USER_PATHS = NO;
				CLANG_ANALYZER_NONNULL = YES;
				CLANG_ANALYZER_NUMBER_OBJECT_CONVERSION = YES_AGGRESSIVE;
				CLANG_CXX_LANGUAGE_STANDARD = "gnu++14";
				CLANG_CXX_LIBRARY = "libc++";
				CLANG_ENABLE_MODULES = YES;
				CLANG_ENABLE_OBJC_ARC = YES;
				CLANG_WARN_BLOCK_CAPTURE_AUTORELEASING = YES;
				CLANG_WARN_BOOL_CONVERSION = YES;
				CLANG_WARN_COMMA = YES;
				CLANG_WARN_CONSTANT_CONVERSION = YES;
				CLANG_WARN_DIRECT_OBJC_ISA_USAGE = YES_ERROR;
				CLANG_WARN_DOCUMENTATION_COMMENTS = YES;
				CLANG_WARN_EMPTY_BODY = YES;
				CLANG_WARN_ENUM_CONVERSION = YES;
				CLANG_WARN_INFINITE_RECURSION = YES;
				CLANG_WARN_INT_CONVERSION = YES;
				CLANG_WARN_NON_LITERAL_NULL_CONVERSION = YES;
				CLANG_WARN_OBJC_LITERAL_CONVERSION = YES;
				CLANG_WARN_OBJC_ROOT_CLASS = YES_ERROR;
				CLANG_WARN_RANGE_LOOP_ANALYSIS = YES;
				CLANG_WARN_STRICT_PROTOTYPES = YES;
				CLANG_WARN_SUSPICIOUS_MOVE = YES;
				CLANG_WARN_UNGUARDED_AVAILABILITY = YES_AGGRESSIVE;
				CLANG_WARN_UNREACHABLE_CODE = YES;
				CLANG_WARN__DUPLICATE_METHOD_MATCH = YES;
				CODE_SIGN_IDENTITY = "iPhone Developer";
				COPY_PHASE_STRIP = NO;
				DEBUG_INFORMATION_FORMAT = "dwarf-with-dsym";
				ENABLE_NS_ASSERTIONS = NO;
				ENABLE_STRICT_OBJC_MSGSEND = YES;
				GCC_C_LANGUAGE_STANDARD = gnu11;
				GCC_NO_COMMON_BLOCKS = YES;
				GCC_WARN_64_TO_32_BIT_CONVERSION = YES;
				GCC_WARN_ABOUT_RETURN_TYPE = YES_ERROR;
				GCC_WARN_UNDECLARED_SELECTOR = YES;
				GCC_WARN_UNINITIALIZED_AUTOS = YES_AGGRESSIVE;
				GCC_WARN_UNUSED_FUNCTION = YES;
				GCC_WARN_UNUSED_VARIABLE = YES;
				IPHONEOS_DEPLOYMENT_TARGET = 11.2;
				MTL_ENABLE_DEBUG_INFO = NO;
				SDKROOT = iphoneos;
				SWIFT_OPTIMIZATION_LEVEL = "-Owholemodule";
				VALIDATE_PRODUCT = YES;
			};
			name = Release;
		};
		BAC7DAA1203DDCB2009D1D81 /* Debug */ = {
			isa = XCBuildConfiguration;
			buildSettings = {
				ASSETCATALOG_COMPILER_APPICON_NAME = AppIcon;
				CODE_SIGN_STYLE = Automatic;
				DEVELOPMENT_TEAM = NELGRQX33K;
				INFOPLIST_FILE = ProgrammaticConstraints/Info.plist;
				LD_RUNPATH_SEARCH_PATHS = "$(inherited) @executable_path/Frameworks";
				PRODUCT_BUNDLE_IDENTIFIER = com.turntlabs.ProgrammaticConstraints;
				PRODUCT_NAME = "$(TARGET_NAME)";
				SWIFT_VERSION = 4.0;
				TARGETED_DEVICE_FAMILY = "1,2";
			};
			name = Debug;
		};
		BAC7DAA2203DDCB2009D1D81 /* Release */ = {
			isa = XCBuildConfiguration;
			buildSettings = {
				ASSETCATALOG_COMPILER_APPICON_NAME = AppIcon;
				CODE_SIGN_STYLE = Automatic;
				DEVELOPMENT_TEAM = NELGRQX33K;
				INFOPLIST_FILE = ProgrammaticConstraints/Info.plist;
				LD_RUNPATH_SEARCH_PATHS = "$(inherited) @executable_path/Frameworks";
				PRODUCT_BUNDLE_IDENTIFIER = com.turntlabs.ProgrammaticConstraints;
				PRODUCT_NAME = "$(TARGET_NAME)";
				SWIFT_VERSION = 4.0;
				TARGETED_DEVICE_FAMILY = "1,2";
			};
			name = Release;
		};
/* End XCBuildConfiguration section */

/* Begin XCConfigurationList section */
		BAC7DA89203DDCB2009D1D81 /* Build configuration list for PBXProject "ProgrammaticConstraints" */ = {
			isa = XCConfigurationList;
			buildConfigurations = (
				BAC7DA9E203DDCB2009D1D81 /* Debug */,
				BAC7DA9F203DDCB2009D1D81 /* Release */,
			);
			defaultConfigurationIsVisible = 0;
			defaultConfigurationName = Release;
		};
		BAC7DAA0203DDCB2009D1D81 /* Build configuration list for PBXNativeTarget "ProgrammaticConstraints" */ = {
			isa = XCConfigurationList;
			buildConfigurations = (
				BAC7DAA1203DDCB2009D1D81 /* Debug */,
				BAC7DAA2203DDCB2009D1D81 /* Release */,
			);
			defaultConfigurationIsVisible = 0;
			defaultConfigurationName = Release;
		};
/* End XCConfigurationList section */
	};
	rootObject = BAC7DA86203DDCB2009D1D81 /* Project object */;
}
